
Microsoft Visual Studio Solution File, Format Version 12.00
# Visual Studio Version 17
VisualStudioVersion = 17.2.32630.192
MinimumVisualStudioVersion = 10.0.40219.1
Project("{FAE04EC0-301F-11D3-BF4B-00C04F79EFBC}") = "HotelListing.API", "HotelListing.API\HotelListing.API.csproj", "{8097B0F5-91AD-44B2-9106-6D5F88D35522}"
EndProject
Global
	GlobalSection(SolutionConfigurationPlatforms) = preSolution
		Debug|Any CPU = Debug|Any CPU
		Release|Any CPU = Release|Any CPU
	EndGlobalSection
	GlobalSection(ProjectConfigurationPlatforms) = postSolution
		{8097B0F5-91AD-44B2-9106-6D5F88D35522}.Debug|Any CPU.ActiveCfg = Debug|Any CPU
		{8097B0F5-91AD-44B2-9106-6D5F88D35522}.Debug|Any CPU.Build.0 = Debug|Any CPU
		{8097B0F5-91AD-44B2-9106-6D5F88D35522}.Release|Any CPU.ActiveCfg = Release|Any CPU
		{8097B0F5-91AD-44B2-9106-6D5F88D35522}.Release|Any CPU.Build.0 = Release|Any CPU
	EndGlobalSection
	GlobalSection(SolutionProperties) = preSolution
		HideSolutionNode = FALSE
	EndGlobalSection
	GlobalSection(ExtensibilityGlobals) = postSolution
		SolutionGuid = {1D37EC4C-CE91-4177-892A-7D3545AD2E1B}
	EndGlobalSection
EndGlobal
